
Microsoft Visual Studio Solution File, Format Version 12.00
# Visual Studio Version 16
VisualStudioVersion = 16.0.34729.46
MinimumVisualStudioVersion = 10.0.40219.1
Project("{9A19103F-16F7-4668-BE54-9A1E7A4F7556}") = "TSBStart", "TSBStart\TSBStart.csproj", "{50AFE897-FC77-4153-8B80-1B5C53D0193B}"
EndProject
Project("{8BC9CEB8-8B4A-11D0-8D11-00A0C91BC942}") = "Patcher", "Patcher\Patcher.vcxproj", "{FEA1E82E-9883-4977-A8EA-8BECC6EEAF33}"
EndProject
Global
	GlobalSection(SolutionConfigurationPlatforms) = preSolution
		Debug|x86 = Debug|x86
		Debug|Any CPU = Debug|Any CPU
		Debug|x64 = Debug|x64
		
		Release|x86 = Release|x86
		Release|Any CPU = Release|Any CPU
		Release|x64 = Release|x64
		
	EndGlobalSection
	GlobalSection(ProjectConfigurationPlatforms) = postSolution
		{50AFE897-FC77-4153-8B80-1B5C53D0193B}.Debug|Any CPU.ActiveCfg = Debug|x86
		{50AFE897-FC77-4153-8B80-1B5C53D0193B}.Debug|Any CPU.Build.0 = Debug|x86
		{50AFE897-FC77-4153-8B80-1B5C53D0193B}.Debug|x64.ActiveCfg = Debug|x86
		{50AFE897-FC77-4153-8B80-1B5C53D0193B}.Debug|x64.Build.0 = Debug|x86
		{50AFE897-FC77-4153-8B80-1B5C53D0193B}.Debug|x86.ActiveCfg = Debug|x86
		{50AFE897-FC77-4153-8B80-1B5C53D0193B}.Debug|x86.Build.0 = Debug|x86
		{50AFE897-FC77-4153-8B80-1B5C53D0193B}.Release|Any CPU.ActiveCfg = Debug|x86
		{50AFE897-FC77-4153-8B80-1B5C53D0193B}.Release|Any CPU.Build.0 = Debug|x86
		{50AFE897-FC77-4153-8B80-1B5C53D0193B}.Release|x64.ActiveCfg = Debug|x86
		{50AFE897-FC77-4153-8B80-1B5C53D0193B}.Release|x64.Build.0 = Debug|x86
		{50AFE897-FC77-4153-8B80-1B5C53D0193B}.Release|x86.ActiveCfg = Debug|x86
		{50AFE897-FC77-4153-8B80-1B5C53D0193B}.Release|x86.Build.0 = Debug|x86
		{FEA1E82E-9883-4977-A8EA-8BECC6EEAF33}.Debug|Any CPU.ActiveCfg = Debug|Win32
		{FEA1E82E-9883-4977-A8EA-8BECC6EEAF33}.Debug|Any CPU.Build.0 = Debug|Win32
		{FEA1E82E-9883-4977-A8EA-8BECC6EEAF33}.Debug|x64.ActiveCfg = Debug|Win32
		{FEA1E82E-9883-4977-A8EA-8BECC6EEAF33}.Debug|x64.Build.0 = Debug|Win32
		{FEA1E82E-9883-4977-A8EA-8BECC6EEAF33}.Debug|x86.ActiveCfg = Debug|Win32
		{FEA1E82E-9883-4977-A8EA-8BECC6EEAF33}.Debug|x86.Build.0 = Debug|Win32
		{FEA1E82E-9883-4977-A8EA-8BECC6EEAF33}.Release|Any CPU.ActiveCfg = Debug|Win32
		{FEA1E82E-9883-4977-A8EA-8BECC6EEAF33}.Release|x64.ActiveCfg = Debug|Win32
		{FEA1E82E-9883-4977-A8EA-8BECC6EEAF33}.Release|x64.Build.0 = Debug|Win32
		{FEA1E82E-9883-4977-A8EA-8BECC6EEAF33}.Release|x86.ActiveCfg = Debug|Win32
		{FEA1E82E-9883-4977-A8EA-8BECC6EEAF33}.Release|x86.Build.0 = Debug|Win32
	EndGlobalSection
	GlobalSection(SolutionProperties) = preSolution
		HideSolutionNode = FALSE
	EndGlobalSection
	GlobalSection(ExtensibilityGlobals) = postSolution
		SolutionGuid = {7108DAE0-722B-4ED5-8AE9-9F648B1F0594}
	EndGlobalSection
EndGlobal
